
Microsoft Visual Studio Solution File, Format Version 12.00
# Visual Studio 2013
VisualStudioVersion = 12.0.31101.0
MinimumVisualStudioVersion = 10.0.40219.1
Project("{FAE04EC0-301F-11D3-BF4B-00C04F79EFBC}") = "Scratch", "Scratch\Scratch.csproj", "{3B9A6205-75FC-4DE1-9DB4-C20F01594ADD}"
EndProject
Project("{2150E333-8FDC-42A3-9474-1A3956D46DE8}") = "WebService", "WebService", "{C6A62865-D576-484D-9B22-C05D8CA20AF5}"
EndProject
Project("{9092AA53-FB77-4645-B42D-1CCCA6BD08BD}") = "KodexEngine.Client", "KodexEngine.Client\KodexEngine.Client.njsproj", "{00090CE3-9A56-4024-932B-72A70C2EB0DA}"
EndProject
Project("{FAE04EC0-301F-11D3-BF4B-00C04F79EFBC}") = "ScratchSite", "ScratchSite\ScratchSite.csproj", "{DC18BCFD-A415-44FB-961F-B8E0160F621B}"
EndProject
Global
	GlobalSection(SolutionConfigurationPlatforms) = preSolution
		Debug|Any CPU = Debug|Any CPU
		Release|Any CPU = Release|Any CPU
	EndGlobalSection
	GlobalSection(ProjectConfigurationPlatforms) = postSolution
		{3B9A6205-75FC-4DE1-9DB4-C20F01594ADD}.Debug|Any CPU.ActiveCfg = Debug|Any CPU
		{3B9A6205-75FC-4DE1-9DB4-C20F01594ADD}.Debug|Any CPU.Build.0 = Debug|Any CPU
		{3B9A6205-75FC-4DE1-9DB4-C20F01594ADD}.Release|Any CPU.ActiveCfg = Release|Any CPU
		{3B9A6205-75FC-4DE1-9DB4-C20F01594ADD}.Release|Any CPU.Build.0 = Release|Any CPU
		{00090CE3-9A56-4024-932B-72A70C2EB0DA}.Debug|Any CPU.ActiveCfg = Debug|Any CPU
		{00090CE3-9A56-4024-932B-72A70C2EB0DA}.Debug|Any CPU.Build.0 = Debug|Any CPU
		{00090CE3-9A56-4024-932B-72A70C2EB0DA}.Release|Any CPU.ActiveCfg = Release|Any CPU
		{00090CE3-9A56-4024-932B-72A70C2EB0DA}.Release|Any CPU.Build.0 = Release|Any CPU
		{DC18BCFD-A415-44FB-961F-B8E0160F621B}.Debug|Any CPU.ActiveCfg = Debug|Any CPU
		{DC18BCFD-A415-44FB-961F-B8E0160F621B}.Debug|Any CPU.Build.0 = Debug|Any CPU
		{DC18BCFD-A415-44FB-961F-B8E0160F621B}.Release|Any CPU.ActiveCfg = Release|Any CPU
		{DC18BCFD-A415-44FB-961F-B8E0160F621B}.Release|Any CPU.Build.0 = Release|Any CPU
	EndGlobalSection
	GlobalSection(SolutionProperties) = preSolution
		HideSolutionNode = FALSE
	EndGlobalSection
EndGlobal
